
Microsoft Visual Studio Solution File, Format Version 12.00
Project("{FAE04EC0-301F-11D3-BF4B-00C04F79EFBC}") = "Movies_LP", "Movies_LP\Movies_LP.csproj", "{DDE81FB5-4D34-4750-9A5D-F78855B3EA47}"
EndProject
Global
	GlobalSection(SolutionConfigurationPlatforms) = preSolution
		Debug|Any CPU = Debug|Any CPU
		Release|Any CPU = Release|Any CPU
	EndGlobalSection
	GlobalSection(ProjectConfigurationPlatforms) = postSolution
		{DDE81FB5-4D34-4750-9A5D-F78855B3EA47}.Debug|Any CPU.ActiveCfg = Debug|Any CPU
		{DDE81FB5-4D34-4750-9A5D-F78855B3EA47}.Debug|Any CPU.Build.0 = Debug|Any CPU
		{DDE81FB5-4D34-4750-9A5D-F78855B3EA47}.Release|Any CPU.ActiveCfg = Release|Any CPU
		{DDE81FB5-4D34-4750-9A5D-F78855B3EA47}.Release|Any CPU.Build.0 = Release|Any CPU
	EndGlobalSection
EndGlobal
